
Microsoft Visual Studio Solution File, Format Version 12.00
# Visual Studio Version 17
VisualStudioVersion = 17.0.31903.59
MinimumVisualStudioVersion = 10.0.40219.1
Project("{2150E333-8FDC-42A3-9474-1A3956D46DE8}") = "Src", "Src", "{05293494-7973-46B9-8CBD-9491D5B0FBDC}"
EndProject
Project("{FAE04EC0-301F-11D3-BF4B-00C04F79EFBC}") = "Base", "Src\Base\Base.csproj", "{8D1497FA-662E-49D1-8AD7-9E6DB28D5782}"
EndProject
Project("{2150E333-8FDC-42A3-9474-1A3956D46DE8}") = "Core", "Core", "{4CA3C6CA-54EB-4A39-8175-E3EFA411509D}"
EndProject
Project("{FAE04EC0-301F-11D3-BF4B-00C04F79EFBC}") = "F001", "Src\Core\F001\F001.csproj", "{501F2AEF-462A-4D1F-86E2-F2E0CA8DD510}"
EndProject
Project("{FAE04EC0-301F-11D3-BF4B-00C04F79EFBC}") = "F002", "Src\Core\F002\F002.csproj", "{795A57C7-25C0-41CF-8DDD-0E8244867AA7}"
EndProject
Project("{FAE04EC0-301F-11D3-BF4B-00C04F79EFBC}") = "F003", "Src\Core\F003\F003.csproj", "{FB2F2BC4-1694-4CFB-B0C9-0ECF9122F61A}"
EndProject
Project("{FAE04EC0-301F-11D3-BF4B-00C04F79EFBC}") = "F004", "Src\Core\F004\F004.csproj", "{073760B1-B828-485C-90F4-50BD42A03DF0}"
EndProject
Project("{FAE04EC0-301F-11D3-BF4B-00C04F79EFBC}") = "FCommon", "Src\Core\FCommon\FCommon.csproj", "{EAF26C90-9C2B-4242-8877-59A8D05C4FBD}"
EndProject
Project("{FAE04EC0-301F-11D3-BF4B-00C04F79EFBC}") = "F005", "Src\Core\F005\F005.csproj", "{526767BC-09CD-48C2-B02B-5F8D9399BC32}"
EndProject
Project("{FAE04EC0-301F-11D3-BF4B-00C04F79EFBC}") = "F006", "Src\Core\F006\F006.csproj", "{836896D7-8157-49D8-988F-0C370334FF4C}"
EndProject
Project("{FAE04EC0-301F-11D3-BF4B-00C04F79EFBC}") = "F007", "Src\Core\F007\F007.csproj", "{D36AF695-1128-4FF3-A712-53215A297BD2}"
EndProject
Project("{FAE04EC0-301F-11D3-BF4B-00C04F79EFBC}") = "F008", "Src\Core\F008\F008.csproj", "{6FBD1995-5594-4CDF-8DFF-2C4C457FF325}"
EndProject
Project("{FAE04EC0-301F-11D3-BF4B-00C04F79EFBC}") = "F009", "Src\Core\F009\F009.csproj", "{4CEBA59B-B664-4BDD-B334-636EFE1F1CEB}"
EndProject
Project("{FAE04EC0-301F-11D3-BF4B-00C04F79EFBC}") = "F010", "Src\Core\F010\F010.csproj", "{80BAB040-894D-418B-8916-A6CF30D3A531}"
EndProject
Project("{FAE04EC0-301F-11D3-BF4B-00C04F79EFBC}") = "F011", "Src\Core\F011\F011.csproj", "{3DC3425A-6908-40E3-9815-D59CA121CF5C}"
EndProject
Project("{FAE04EC0-301F-11D3-BF4B-00C04F79EFBC}") = "F012", "Src\Core\F012\F012.csproj", "{AC1843AA-F18F-4822-9E31-88A831052AAF}"
EndProject
Project("{FAE04EC0-301F-11D3-BF4B-00C04F79EFBC}") = "F013", "Src\Core\F013\F013.csproj", "{7999D841-3DAB-4B3D-95EE-FEA469DF5747}"
EndProject
Project("{FAE04EC0-301F-11D3-BF4B-00C04F79EFBC}") = "F014", "Src\Core\F014\F014.csproj", "{B5BE330B-1796-4BF6-9767-52533B26B66A}"
EndProject
Project("{FAE04EC0-301F-11D3-BF4B-00C04F79EFBC}") = "F015", "Src\Core\F015\F015.csproj", "{996D2BD9-A796-472A-9EF7-45B71C493857}"
EndProject
Project("{FAE04EC0-301F-11D3-BF4B-00C04F79EFBC}") = "F016", "Src\Core\F016\F016.csproj", "{1F81A826-A898-46F2-A293-0FE804580C62}"
EndProject
Project("{FAE04EC0-301F-11D3-BF4B-00C04F79EFBC}") = "F017", "Src\Core\F017\F017.csproj", "{58B29D5D-AD29-49C7-A7CC-55CB4B2B0056}"
EndProject
Project("{FAE04EC0-301F-11D3-BF4B-00C04F79EFBC}") = "F018", "Src\Core\F018\F018.csproj", "{5F569825-18CC-4923-8AA3-0488E3CD26B7}"
EndProject
Project("{FAE04EC0-301F-11D3-BF4B-00C04F79EFBC}") = "F019", "Src\Core\F019\F019.csproj", "{167795C7-A909-4C61-BE47-E0F4A9BE27FE}"
EndProject
Project("{FAE04EC0-301F-11D3-BF4B-00C04F79EFBC}") = "F020", "Src\Core\F020\F020.csproj", "{6C092A08-9033-4E4D-893F-257DE3FD34E4}"
EndProject
Project("{FAE04EC0-301F-11D3-BF4B-00C04F79EFBC}") = "F021", "Src\Core\F021\F021.csproj", "{3A0EE97F-AD87-4B69-A936-CC99D577FF58}"
EndProject
Project("{FAE04EC0-301F-11D3-BF4B-00C04F79EFBC}") = "Entry", "Src\Entry\Entry.csproj", "{A2C96E39-470E-4C44-B821-4872210BE6CD}"
EndProject
Global
	GlobalSection(SolutionConfigurationPlatforms) = preSolution
		Debug|Any CPU = Debug|Any CPU
		Release|Any CPU = Release|Any CPU
	EndGlobalSection
	GlobalSection(ProjectConfigurationPlatforms) = postSolution
		{8D1497FA-662E-49D1-8AD7-9E6DB28D5782}.Debug|Any CPU.ActiveCfg = Debug|Any CPU
		{8D1497FA-662E-49D1-8AD7-9E6DB28D5782}.Debug|Any CPU.Build.0 = Debug|Any CPU
		{8D1497FA-662E-49D1-8AD7-9E6DB28D5782}.Release|Any CPU.ActiveCfg = Release|Any CPU
		{8D1497FA-662E-49D1-8AD7-9E6DB28D5782}.Release|Any CPU.Build.0 = Release|Any CPU
		{501F2AEF-462A-4D1F-86E2-F2E0CA8DD510}.Debug|Any CPU.ActiveCfg = Debug|Any CPU
		{501F2AEF-462A-4D1F-86E2-F2E0CA8DD510}.Debug|Any CPU.Build.0 = Debug|Any CPU
		{501F2AEF-462A-4D1F-86E2-F2E0CA8DD510}.Release|Any CPU.ActiveCfg = Release|Any CPU
		{501F2AEF-462A-4D1F-86E2-F2E0CA8DD510}.Release|Any CPU.Build.0 = Release|Any CPU
		{795A57C7-25C0-41CF-8DDD-0E8244867AA7}.Debug|Any CPU.ActiveCfg = Debug|Any CPU
		{795A57C7-25C0-41CF-8DDD-0E8244867AA7}.Debug|Any CPU.Build.0 = Debug|Any CPU
		{795A57C7-25C0-41CF-8DDD-0E8244867AA7}.Release|Any CPU.ActiveCfg = Release|Any CPU
		{795A57C7-25C0-41CF-8DDD-0E8244867AA7}.Release|Any CPU.Build.0 = Release|Any CPU
		{FB2F2BC4-1694-4CFB-B0C9-0ECF9122F61A}.Debug|Any CPU.ActiveCfg = Debug|Any CPU
		{FB2F2BC4-1694-4CFB-B0C9-0ECF9122F61A}.Debug|Any CPU.Build.0 = Debug|Any CPU
		{FB2F2BC4-1694-4CFB-B0C9-0ECF9122F61A}.Release|Any CPU.ActiveCfg = Release|Any CPU
		{FB2F2BC4-1694-4CFB-B0C9-0ECF9122F61A}.Release|Any CPU.Build.0 = Release|Any CPU
		{073760B1-B828-485C-90F4-50BD42A03DF0}.Debug|Any CPU.ActiveCfg = Debug|Any CPU
		{073760B1-B828-485C-90F4-50BD42A03DF0}.Debug|Any CPU.Build.0 = Debug|Any CPU
		{073760B1-B828-485C-90F4-50BD42A03DF0}.Release|Any CPU.ActiveCfg = Release|Any CPU
		{073760B1-B828-485C-90F4-50BD42A03DF0}.Release|Any CPU.Build.0 = Release|Any CPU
		{EAF26C90-9C2B-4242-8877-59A8D05C4FBD}.Debug|Any CPU.ActiveCfg = Debug|Any CPU
		{EAF26C90-9C2B-4242-8877-59A8D05C4FBD}.Debug|Any CPU.Build.0 = Debug|Any CPU
		{EAF26C90-9C2B-4242-8877-59A8D05C4FBD}.Release|Any CPU.ActiveCfg = Release|Any CPU
		{EAF26C90-9C2B-4242-8877-59A8D05C4FBD}.Release|Any CPU.Build.0 = Release|Any CPU
		{526767BC-09CD-48C2-B02B-5F8D9399BC32}.Debug|Any CPU.ActiveCfg = Debug|Any CPU
		{526767BC-09CD-48C2-B02B-5F8D9399BC32}.Debug|Any CPU.Build.0 = Debug|Any CPU
		{526767BC-09CD-48C2-B02B-5F8D9399BC32}.Release|Any CPU.ActiveCfg = Release|Any CPU
		{526767BC-09CD-48C2-B02B-5F8D9399BC32}.Release|Any CPU.Build.0 = Release|Any CPU
		{836896D7-8157-49D8-988F-0C370334FF4C}.Debug|Any CPU.ActiveCfg = Debug|Any CPU
		{836896D7-8157-49D8-988F-0C370334FF4C}.Debug|Any CPU.Build.0 = Debug|Any CPU
		{836896D7-8157-49D8-988F-0C370334FF4C}.Release|Any CPU.ActiveCfg = Release|Any CPU
		{836896D7-8157-49D8-988F-0C370334FF4C}.Release|Any CPU.Build.0 = Release|Any CPU
		{D36AF695-1128-4FF3-A712-53215A297BD2}.Debug|Any CPU.ActiveCfg = Debug|Any CPU
		{D36AF695-1128-4FF3-A712-53215A297BD2}.Debug|Any CPU.Build.0 = Debug|Any CPU
		{D36AF695-1128-4FF3-A712-53215A297BD2}.Release|Any CPU.ActiveCfg = Release|Any CPU
		{D36AF695-1128-4FF3-A712-53215A297BD2}.Release|Any CPU.Build.0 = Release|Any CPU
		{6FBD1995-5594-4CDF-8DFF-2C4C457FF325}.Debug|Any CPU.ActiveCfg = Debug|Any CPU
		{6FBD1995-5594-4CDF-8DFF-2C4C457FF325}.Debug|Any CPU.Build.0 = Debug|Any CPU
		{6FBD1995-5594-4CDF-8DFF-2C4C457FF325}.Release|Any CPU.ActiveCfg = Release|Any CPU
		{6FBD1995-5594-4CDF-8DFF-2C4C457FF325}.Release|Any CPU.Build.0 = Release|Any CPU
		{4CEBA59B-B664-4BDD-B334-636EFE1F1CEB}.Debug|Any CPU.ActiveCfg = Debug|Any CPU
		{4CEBA59B-B664-4BDD-B334-636EFE1F1CEB}.Debug|Any CPU.Build.0 = Debug|Any CPU
		{4CEBA59B-B664-4BDD-B334-636EFE1F1CEB}.Release|Any CPU.ActiveCfg = Release|Any CPU
		{4CEBA59B-B664-4BDD-B334-636EFE1F1CEB}.Release|Any CPU.Build.0 = Release|Any CPU
		{80BAB040-894D-418B-8916-A6CF30D3A531}.Debug|Any CPU.ActiveCfg = Debug|Any CPU
		{80BAB040-894D-418B-8916-A6CF30D3A531}.Debug|Any CPU.Build.0 = Debug|Any CPU
		{80BAB040-894D-418B-8916-A6CF30D3A531}.Release|Any CPU.ActiveCfg = Release|Any CPU
		{80BAB040-894D-418B-8916-A6CF30D3A531}.Release|Any CPU.Build.0 = Release|Any CPU
		{3DC3425A-6908-40E3-9815-D59CA121CF5C}.Debug|Any CPU.ActiveCfg = Debug|Any CPU
		{3DC3425A-6908-40E3-9815-D59CA121CF5C}.Debug|Any CPU.Build.0 = Debug|Any CPU
		{3DC3425A-6908-40E3-9815-D59CA121CF5C}.Release|Any CPU.ActiveCfg = Release|Any CPU
		{3DC3425A-6908-40E3-9815-D59CA121CF5C}.Release|Any CPU.Build.0 = Release|Any CPU
		{AC1843AA-F18F-4822-9E31-88A831052AAF}.Debug|Any CPU.ActiveCfg = Debug|Any CPU
		{AC1843AA-F18F-4822-9E31-88A831052AAF}.Debug|Any CPU.Build.0 = Debug|Any CPU
		{AC1843AA-F18F-4822-9E31-88A831052AAF}.Release|Any CPU.ActiveCfg = Release|Any CPU
		{AC1843AA-F18F-4822-9E31-88A831052AAF}.Release|Any CPU.Build.0 = Release|Any CPU
		{7999D841-3DAB-4B3D-95EE-FEA469DF5747}.Debug|Any CPU.ActiveCfg = Debug|Any CPU
		{7999D841-3DAB-4B3D-95EE-FEA469DF5747}.Debug|Any CPU.Build.0 = Debug|Any CPU
		{7999D841-3DAB-4B3D-95EE-FEA469DF5747}.Release|Any CPU.ActiveCfg = Release|Any CPU
		{7999D841-3DAB-4B3D-95EE-FEA469DF5747}.Release|Any CPU.Build.0 = Release|Any CPU
		{B5BE330B-1796-4BF6-9767-52533B26B66A}.Debug|Any CPU.ActiveCfg = Debug|Any CPU
		{B5BE330B-1796-4BF6-9767-52533B26B66A}.Debug|Any CPU.Build.0 = Debug|Any CPU
		{B5BE330B-1796-4BF6-9767-52533B26B66A}.Release|Any CPU.ActiveCfg = Release|Any CPU
		{B5BE330B-1796-4BF6-9767-52533B26B66A}.Release|Any CPU.Build.0 = Release|Any CPU
		{996D2BD9-A796-472A-9EF7-45B71C493857}.Debug|Any CPU.ActiveCfg = Debug|Any CPU
		{996D2BD9-A796-472A-9EF7-45B71C493857}.Debug|Any CPU.Build.0 = Debug|Any CPU
		{996D2BD9-A796-472A-9EF7-45B71C493857}.Release|Any CPU.ActiveCfg = Release|Any CPU
		{996D2BD9-A796-472A-9EF7-45B71C493857}.Release|Any CPU.Build.0 = Release|Any CPU
		{1F81A826-A898-46F2-A293-0FE804580C62}.Debug|Any CPU.ActiveCfg = Debug|Any CPU
		{1F81A826-A898-46F2-A293-0FE804580C62}.Debug|Any CPU.Build.0 = Debug|Any CPU
		{1F81A826-A898-46F2-A293-0FE804580C62}.Release|Any CPU.ActiveCfg = Release|Any CPU
		{1F81A826-A898-46F2-A293-0FE804580C62}.Release|Any CPU.Build.0 = Release|Any CPU
		{58B29D5D-AD29-49C7-A7CC-55CB4B2B0056}.Debug|Any CPU.ActiveCfg = Debug|Any CPU
		{58B29D5D-AD29-49C7-A7CC-55CB4B2B0056}.Debug|Any CPU.Build.0 = Debug|Any CPU
		{58B29D5D-AD29-49C7-A7CC-55CB4B2B0056}.Release|Any CPU.ActiveCfg = Release|Any CPU
		{58B29D5D-AD29-49C7-A7CC-55CB4B2B0056}.Release|Any CPU.Build.0 = Release|Any CPU
		{5F569825-18CC-4923-8AA3-0488E3CD26B7}.Debug|Any CPU.ActiveCfg = Debug|Any CPU
		{5F569825-18CC-4923-8AA3-0488E3CD26B7}.Debug|Any CPU.Build.0 = Debug|Any CPU
		{5F569825-18CC-4923-8AA3-0488E3CD26B7}.Release|Any CPU.ActiveCfg = Release|Any CPU
		{5F569825-18CC-4923-8AA3-0488E3CD26B7}.Release|Any CPU.Build.0 = Release|Any CPU
		{167795C7-A909-4C61-BE47-E0F4A9BE27FE}.Debug|Any CPU.ActiveCfg = Debug|Any CPU
		{167795C7-A909-4C61-BE47-E0F4A9BE27FE}.Debug|Any CPU.Build.0 = Debug|Any CPU
		{167795C7-A909-4C61-BE47-E0F4A9BE27FE}.Release|Any CPU.ActiveCfg = Release|Any CPU
		{167795C7-A909-4C61-BE47-E0F4A9BE27FE}.Release|Any CPU.Build.0 = Release|Any CPU
		{6C092A08-9033-4E4D-893F-257DE3FD34E4}.Debug|Any CPU.ActiveCfg = Debug|Any CPU
		{6C092A08-9033-4E4D-893F-257DE3FD34E4}.Debug|Any CPU.Build.0 = Debug|Any CPU
		{6C092A08-9033-4E4D-893F-257DE3FD34E4}.Release|Any CPU.ActiveCfg = Release|Any CPU
		{6C092A08-9033-4E4D-893F-257DE3FD34E4}.Release|Any CPU.Build.0 = Release|Any CPU
		{3A0EE97F-AD87-4B69-A936-CC99D577FF58}.Debug|Any CPU.ActiveCfg = Debug|Any CPU
		{3A0EE97F-AD87-4B69-A936-CC99D577FF58}.Debug|Any CPU.Build.0 = Debug|Any CPU
		{3A0EE97F-AD87-4B69-A936-CC99D577FF58}.Release|Any CPU.ActiveCfg = Release|Any CPU
		{3A0EE97F-AD87-4B69-A936-CC99D577FF58}.Release|Any CPU.Build.0 = Release|Any CPU
		{A2C96E39-470E-4C44-B821-4872210BE6CD}.Debug|Any CPU.ActiveCfg = Debug|Any CPU
		{A2C96E39-470E-4C44-B821-4872210BE6CD}.Debug|Any CPU.Build.0 = Debug|Any CPU
		{A2C96E39-470E-4C44-B821-4872210BE6CD}.Release|Any CPU.ActiveCfg = Release|Any CPU
		{A2C96E39-470E-4C44-B821-4872210BE6CD}.Release|Any CPU.Build.0 = Release|Any CPU
	EndGlobalSection
	GlobalSection(SolutionProperties) = preSolution
		HideSolutionNode = FALSE
	EndGlobalSection
	GlobalSection(NestedProjects) = preSolution
		{8D1497FA-662E-49D1-8AD7-9E6DB28D5782} = {05293494-7973-46B9-8CBD-9491D5B0FBDC}
		{4CA3C6CA-54EB-4A39-8175-E3EFA411509D} = {05293494-7973-46B9-8CBD-9491D5B0FBDC}
		{501F2AEF-462A-4D1F-86E2-F2E0CA8DD510} = {4CA3C6CA-54EB-4A39-8175-E3EFA411509D}
		{795A57C7-25C0-41CF-8DDD-0E8244867AA7} = {4CA3C6CA-54EB-4A39-8175-E3EFA411509D}
		{FB2F2BC4-1694-4CFB-B0C9-0ECF9122F61A} = {4CA3C6CA-54EB-4A39-8175-E3EFA411509D}
		{073760B1-B828-485C-90F4-50BD42A03DF0} = {4CA3C6CA-54EB-4A39-8175-E3EFA411509D}
		{EAF26C90-9C2B-4242-8877-59A8D05C4FBD} = {4CA3C6CA-54EB-4A39-8175-E3EFA411509D}
		{526767BC-09CD-48C2-B02B-5F8D9399BC32} = {4CA3C6CA-54EB-4A39-8175-E3EFA411509D}
		{836896D7-8157-49D8-988F-0C370334FF4C} = {4CA3C6CA-54EB-4A39-8175-E3EFA411509D}
		{D36AF695-1128-4FF3-A712-53215A297BD2} = {4CA3C6CA-54EB-4A39-8175-E3EFA411509D}
		{6FBD1995-5594-4CDF-8DFF-2C4C457FF325} = {4CA3C6CA-54EB-4A39-8175-E3EFA411509D}
		{4CEBA59B-B664-4BDD-B334-636EFE1F1CEB} = {4CA3C6CA-54EB-4A39-8175-E3EFA411509D}
		{80BAB040-894D-418B-8916-A6CF30D3A531} = {4CA3C6CA-54EB-4A39-8175-E3EFA411509D}
		{3DC3425A-6908-40E3-9815-D59CA121CF5C} = {4CA3C6CA-54EB-4A39-8175-E3EFA411509D}
		{AC1843AA-F18F-4822-9E31-88A831052AAF} = {4CA3C6CA-54EB-4A39-8175-E3EFA411509D}
		{7999D841-3DAB-4B3D-95EE-FEA469DF5747} = {4CA3C6CA-54EB-4A39-8175-E3EFA411509D}
		{B5BE330B-1796-4BF6-9767-52533B26B66A} = {4CA3C6CA-54EB-4A39-8175-E3EFA411509D}
		{996D2BD9-A796-472A-9EF7-45B71C493857} = {4CA3C6CA-54EB-4A39-8175-E3EFA411509D}
		{1F81A826-A898-46F2-A293-0FE804580C62} = {4CA3C6CA-54EB-4A39-8175-E3EFA411509D}
		{58B29D5D-AD29-49C7-A7CC-55CB4B2B0056} = {4CA3C6CA-54EB-4A39-8175-E3EFA411509D}
		{5F569825-18CC-4923-8AA3-0488E3CD26B7} = {4CA3C6CA-54EB-4A39-8175-E3EFA411509D}
		{167795C7-A909-4C61-BE47-E0F4A9BE27FE} = {4CA3C6CA-54EB-4A39-8175-E3EFA411509D}
		{6C092A08-9033-4E4D-893F-257DE3FD34E4} = {4CA3C6CA-54EB-4A39-8175-E3EFA411509D}
		{3A0EE97F-AD87-4B69-A936-CC99D577FF58} = {4CA3C6CA-54EB-4A39-8175-E3EFA411509D}
		{A2C96E39-470E-4C44-B821-4872210BE6CD} = {05293494-7973-46B9-8CBD-9491D5B0FBDC}
	EndGlobalSection
EndGlobal