
Microsoft Visual Studio Solution File, Format Version 12.00
# Visual Studio Version 17
VisualStudioVersion = 17.0.31903.59
MinimumVisualStudioVersion = 10.0.40219.1
Project("{2150E333-8FDC-42A3-9474-1A3956D46DE8}") = "Src", "Src", "{63B9A3EA-71C1-4717-9263-994AC96E5E74}"
EndProject
Project("{2150E333-8FDC-42A3-9474-1A3956D46DE8}") = "Entry", "Entry", "{1746924E-FB14-41FE-A983-4C2E42B1A2EE}"
EndProject
Project("{FAE04EC0-301F-11D3-BF4B-00C04F79EFBC}") = "Entry.Src", "Src\Entry\Entry.Src\Entry.Src.csproj", "{A51643FA-C1EE-4A55-A129-0F537182A327}"
EndProject
Project("{FAE04EC0-301F-11D3-BF4B-00C04F79EFBC}") = "Entry.Test", "Src\Entry\Entry.Test\Entry.Test.csproj", "{701599FE-5FE4-4082-9D66-BD17CBB1FF5E}"
EndProject
Project("{2150E333-8FDC-42A3-9474-1A3956D46DE8}") = "Base", "Base", "{8F3BBCF1-7AC6-4E19-8869-EDA1BCFCAC65}"
EndProject
Project("{FAE04EC0-301F-11D3-BF4B-00C04F79EFBC}") = "FBaseApi.Src", "Src\Base\FBaseApi.Src\FBaseApi.Src.csproj", "{39ECB25D-14F7-4B13-A139-CF2B13FBF120}"
EndProject
Project("{FAE04EC0-301F-11D3-BF4B-00C04F79EFBC}") = "FConfig.Src", "Src\Base\FConfig.Src\FConfig.Src.csproj", "{02437A39-44D3-46DD-9BA3-A4A8D49917CD}"
EndProject
Project("{2150E333-8FDC-42A3-9474-1A3956D46DE8}") = "Core", "Core", "{51FC39CD-BA3C-48F7-A189-4661CD785E2C}"
EndProject
Project("{2150E333-8FDC-42A3-9474-1A3956D46DE8}") = "FCommon", "FCommon", "{8EA474E4-6804-4648-9B08-BE8ADE475FCF}"
EndProject
Project("{FAE04EC0-301F-11D3-BF4B-00C04F79EFBC}") = "FCommon.Src", "Src\Core\FCommon\FCommon.Src\FCommon.Src.csproj", "{29E9FFE7-36BC-4714-8AFB-2C4E9A25A9CA}"
EndProject
Project("{2150E333-8FDC-42A3-9474-1A3956D46DE8}") = "FA2", "FA2", "{7E00AA1C-34DD-4809-A836-7115824449C1}"
EndProject
Project("{FAE04EC0-301F-11D3-BF4B-00C04F79EFBC}") = "FA2.Src", "Src\Core\FA2\FA2.Src\FA2.Src.csproj", "{90411482-CF83-4904-AEBB-E42FA59B119A}"
EndProject
Project("{FAE04EC0-301F-11D3-BF4B-00C04F79EFBC}") = "FA2.Test", "Src\Core\FA2\FA2.Test\FA2.Test.csproj", "{B1863C32-471E-4F10-80FE-32EA3A15D8B9}"
EndProject
Project("{2150E333-8FDC-42A3-9474-1A3956D46DE8}") = "FA1", "FA1", "{95F0C4EF-EFC6-49AE-B01B-4B7D3277D4FC}"
EndProject
Project("{FAE04EC0-301F-11D3-BF4B-00C04F79EFBC}") = "FA1.Src", "Src\Core\FA1\FA1.Src\FA1.Src.csproj", "{96696228-7038-4703-8D8D-64DDD8A44D4D}"
EndProject
Project("{FAE04EC0-301F-11D3-BF4B-00C04F79EFBC}") = "FA1.Test", "Src\Core\FA1\FA1.Test\FA1.Test.csproj", "{37E69E03-B947-4164-99A3-B984B2480FD2}"
EndProject
Project("{2150E333-8FDC-42A3-9474-1A3956D46DE8}") = "F2", "F2", "{4C71D8C3-BC5A-44DA-9FE5-F06FA0FB2906}"
EndProject
Project("{FAE04EC0-301F-11D3-BF4B-00C04F79EFBC}") = "F2.Src", "Src\Core\F2\F2.Src\F2.Src.csproj", "{EA93928A-6B20-4BC3-A7E7-6069040DE285}"
EndProject
Project("{FAE04EC0-301F-11D3-BF4B-00C04F79EFBC}") = "F2.Test", "Src\Core\F2\F2.Test\F2.Test.csproj", "{08B58B72-0B46-40CB-9DD7-E9DDE4C4CAAA}"
EndProject
Project("{2150E333-8FDC-42A3-9474-1A3956D46DE8}") = "F1", "F1", "{00C01863-3517-4AAA-B2B9-54BFE562E4DB}"
EndProject
Project("{FAE04EC0-301F-11D3-BF4B-00C04F79EFBC}") = "F1.Src", "Src\Core\F1\F1.Src\F1.Src.csproj", "{3E1F4E83-8898-41F7-A5D2-4F4964FFD32D}"
EndProject
Project("{FAE04EC0-301F-11D3-BF4B-00C04F79EFBC}") = "F1.Test", "Src\Core\F1\F1.Test\F1.Test.csproj", "{F8CE138C-6374-4C09-B2EF-85BD9F61C90A}"
EndProject
Project("{2150E333-8FDC-42A3-9474-1A3956D46DE8}") = "FA3", "FA3", "{3B253847-FB6B-4DE1-8E2C-D018AABB77D1}"
EndProject
Project("{FAE04EC0-301F-11D3-BF4B-00C04F79EFBC}") = "FA3.Test", "Src\Core\FA3\FA3.Test\FA3.Test.csproj", "{CAB9C740-EADF-40BA-8D3E-81970444B13D}"
EndProject
Project("{FAE04EC0-301F-11D3-BF4B-00C04F79EFBC}") = "FA3.Src", "Src\Core\FA3\FA3.Src\FA3.Src.csproj", "{64CDBEB9-EDC3-490A-B70A-AF67BDDA64DA}"
EndProject
Global
	GlobalSection(SolutionConfigurationPlatforms) = preSolution
		Debug|Any CPU = Debug|Any CPU
		Release|Any CPU = Release|Any CPU
	EndGlobalSection
	GlobalSection(ProjectConfigurationPlatforms) = postSolution
		{A51643FA-C1EE-4A55-A129-0F537182A327}.Debug|Any CPU.ActiveCfg = Debug|Any CPU
		{A51643FA-C1EE-4A55-A129-0F537182A327}.Debug|Any CPU.Build.0 = Debug|Any CPU
		{A51643FA-C1EE-4A55-A129-0F537182A327}.Release|Any CPU.ActiveCfg = Release|Any CPU
		{A51643FA-C1EE-4A55-A129-0F537182A327}.Release|Any CPU.Build.0 = Release|Any CPU
		{701599FE-5FE4-4082-9D66-BD17CBB1FF5E}.Debug|Any CPU.ActiveCfg = Debug|Any CPU
		{701599FE-5FE4-4082-9D66-BD17CBB1FF5E}.Debug|Any CPU.Build.0 = Debug|Any CPU
		{701599FE-5FE4-4082-9D66-BD17CBB1FF5E}.Release|Any CPU.ActiveCfg = Release|Any CPU
		{701599FE-5FE4-4082-9D66-BD17CBB1FF5E}.Release|Any CPU.Build.0 = Release|Any CPU
		{39ECB25D-14F7-4B13-A139-CF2B13FBF120}.Debug|Any CPU.ActiveCfg = Debug|Any CPU
		{39ECB25D-14F7-4B13-A139-CF2B13FBF120}.Debug|Any CPU.Build.0 = Debug|Any CPU
		{39ECB25D-14F7-4B13-A139-CF2B13FBF120}.Release|Any CPU.ActiveCfg = Release|Any CPU
		{39ECB25D-14F7-4B13-A139-CF2B13FBF120}.Release|Any CPU.Build.0 = Release|Any CPU
		{02437A39-44D3-46DD-9BA3-A4A8D49917CD}.Debug|Any CPU.ActiveCfg = Debug|Any CPU
		{02437A39-44D3-46DD-9BA3-A4A8D49917CD}.Debug|Any CPU.Build.0 = Debug|Any CPU
		{02437A39-44D3-46DD-9BA3-A4A8D49917CD}.Release|Any CPU.ActiveCfg = Release|Any CPU
		{02437A39-44D3-46DD-9BA3-A4A8D49917CD}.Release|Any CPU.Build.0 = Release|Any CPU
		{29E9FFE7-36BC-4714-8AFB-2C4E9A25A9CA}.Debug|Any CPU.ActiveCfg = Debug|Any CPU
		{29E9FFE7-36BC-4714-8AFB-2C4E9A25A9CA}.Debug|Any CPU.Build.0 = Debug|Any CPU
		{29E9FFE7-36BC-4714-8AFB-2C4E9A25A9CA}.Release|Any CPU.ActiveCfg = Release|Any CPU
		{29E9FFE7-36BC-4714-8AFB-2C4E9A25A9CA}.Release|Any CPU.Build.0 = Release|Any CPU
		{90411482-CF83-4904-AEBB-E42FA59B119A}.Debug|Any CPU.ActiveCfg = Debug|Any CPU
		{90411482-CF83-4904-AEBB-E42FA59B119A}.Debug|Any CPU.Build.0 = Debug|Any CPU
		{90411482-CF83-4904-AEBB-E42FA59B119A}.Release|Any CPU.ActiveCfg = Release|Any CPU
		{90411482-CF83-4904-AEBB-E42FA59B119A}.Release|Any CPU.Build.0 = Release|Any CPU
		{B1863C32-471E-4F10-80FE-32EA3A15D8B9}.Debug|Any CPU.ActiveCfg = Debug|Any CPU
		{B1863C32-471E-4F10-80FE-32EA3A15D8B9}.Debug|Any CPU.Build.0 = Debug|Any CPU
		{B1863C32-471E-4F10-80FE-32EA3A15D8B9}.Release|Any CPU.ActiveCfg = Release|Any CPU
		{B1863C32-471E-4F10-80FE-32EA3A15D8B9}.Release|Any CPU.Build.0 = Release|Any CPU
		{96696228-7038-4703-8D8D-64DDD8A44D4D}.Debug|Any CPU.ActiveCfg = Debug|Any CPU
		{96696228-7038-4703-8D8D-64DDD8A44D4D}.Debug|Any CPU.Build.0 = Debug|Any CPU
		{96696228-7038-4703-8D8D-64DDD8A44D4D}.Release|Any CPU.ActiveCfg = Release|Any CPU
		{96696228-7038-4703-8D8D-64DDD8A44D4D}.Release|Any CPU.Build.0 = Release|Any CPU
		{37E69E03-B947-4164-99A3-B984B2480FD2}.Debug|Any CPU.ActiveCfg = Debug|Any CPU
		{37E69E03-B947-4164-99A3-B984B2480FD2}.Debug|Any CPU.Build.0 = Debug|Any CPU
		{37E69E03-B947-4164-99A3-B984B2480FD2}.Release|Any CPU.ActiveCfg = Release|Any CPU
		{37E69E03-B947-4164-99A3-B984B2480FD2}.Release|Any CPU.Build.0 = Release|Any CPU
		{EA93928A-6B20-4BC3-A7E7-6069040DE285}.Debug|Any CPU.ActiveCfg = Debug|Any CPU
		{EA93928A-6B20-4BC3-A7E7-6069040DE285}.Debug|Any CPU.Build.0 = Debug|Any CPU
		{EA93928A-6B20-4BC3-A7E7-6069040DE285}.Release|Any CPU.ActiveCfg = Release|Any CPU
		{EA93928A-6B20-4BC3-A7E7-6069040DE285}.Release|Any CPU.Build.0 = Release|Any CPU
		{08B58B72-0B46-40CB-9DD7-E9DDE4C4CAAA}.Debug|Any CPU.ActiveCfg = Debug|Any CPU
		{08B58B72-0B46-40CB-9DD7-E9DDE4C4CAAA}.Debug|Any CPU.Build.0 = Debug|Any CPU
		{08B58B72-0B46-40CB-9DD7-E9DDE4C4CAAA}.Release|Any CPU.ActiveCfg = Release|Any CPU
		{08B58B72-0B46-40CB-9DD7-E9DDE4C4CAAA}.Release|Any CPU.Build.0 = Release|Any CPU
		{3E1F4E83-8898-41F7-A5D2-4F4964FFD32D}.Debug|Any CPU.ActiveCfg = Debug|Any CPU
		{3E1F4E83-8898-41F7-A5D2-4F4964FFD32D}.Debug|Any CPU.Build.0 = Debug|Any CPU
		{3E1F4E83-8898-41F7-A5D2-4F4964FFD32D}.Release|Any CPU.ActiveCfg = Release|Any CPU
		{3E1F4E83-8898-41F7-A5D2-4F4964FFD32D}.Release|Any CPU.Build.0 = Release|Any CPU
		{F8CE138C-6374-4C09-B2EF-85BD9F61C90A}.Debug|Any CPU.ActiveCfg = Debug|Any CPU
		{F8CE138C-6374-4C09-B2EF-85BD9F61C90A}.Debug|Any CPU.Build.0 = Debug|Any CPU
		{F8CE138C-6374-4C09-B2EF-85BD9F61C90A}.Release|Any CPU.ActiveCfg = Release|Any CPU
		{F8CE138C-6374-4C09-B2EF-85BD9F61C90A}.Release|Any CPU.Build.0 = Release|Any CPU
		{CAB9C740-EADF-40BA-8D3E-81970444B13D}.Debug|Any CPU.ActiveCfg = Debug|Any CPU
		{CAB9C740-EADF-40BA-8D3E-81970444B13D}.Debug|Any CPU.Build.0 = Debug|Any CPU
		{CAB9C740-EADF-40BA-8D3E-81970444B13D}.Release|Any CPU.ActiveCfg = Release|Any CPU
		{CAB9C740-EADF-40BA-8D3E-81970444B13D}.Release|Any CPU.Build.0 = Release|Any CPU
		{64CDBEB9-EDC3-490A-B70A-AF67BDDA64DA}.Debug|Any CPU.ActiveCfg = Debug|Any CPU
		{64CDBEB9-EDC3-490A-B70A-AF67BDDA64DA}.Debug|Any CPU.Build.0 = Debug|Any CPU
		{64CDBEB9-EDC3-490A-B70A-AF67BDDA64DA}.Release|Any CPU.ActiveCfg = Release|Any CPU
		{64CDBEB9-EDC3-490A-B70A-AF67BDDA64DA}.Release|Any CPU.Build.0 = Release|Any CPU
	EndGlobalSection
	GlobalSection(SolutionProperties) = preSolution
		HideSolutionNode = FALSE
	EndGlobalSection
	GlobalSection(NestedProjects) = preSolution
		{1746924E-FB14-41FE-A983-4C2E42B1A2EE} = {63B9A3EA-71C1-4717-9263-994AC96E5E74}
		{A51643FA-C1EE-4A55-A129-0F537182A327} = {1746924E-FB14-41FE-A983-4C2E42B1A2EE}
		{701599FE-5FE4-4082-9D66-BD17CBB1FF5E} = {1746924E-FB14-41FE-A983-4C2E42B1A2EE}
		{8F3BBCF1-7AC6-4E19-8869-EDA1BCFCAC65} = {63B9A3EA-71C1-4717-9263-994AC96E5E74}
		{39ECB25D-14F7-4B13-A139-CF2B13FBF120} = {8F3BBCF1-7AC6-4E19-8869-EDA1BCFCAC65}
		{02437A39-44D3-46DD-9BA3-A4A8D49917CD} = {8F3BBCF1-7AC6-4E19-8869-EDA1BCFCAC65}
		{51FC39CD-BA3C-48F7-A189-4661CD785E2C} = {63B9A3EA-71C1-4717-9263-994AC96E5E74}
		{8EA474E4-6804-4648-9B08-BE8ADE475FCF} = {51FC39CD-BA3C-48F7-A189-4661CD785E2C}
		{29E9FFE7-36BC-4714-8AFB-2C4E9A25A9CA} = {8EA474E4-6804-4648-9B08-BE8ADE475FCF}
		{7E00AA1C-34DD-4809-A836-7115824449C1} = {51FC39CD-BA3C-48F7-A189-4661CD785E2C}
		{90411482-CF83-4904-AEBB-E42FA59B119A} = {7E00AA1C-34DD-4809-A836-7115824449C1}
		{B1863C32-471E-4F10-80FE-32EA3A15D8B9} = {7E00AA1C-34DD-4809-A836-7115824449C1}
		{95F0C4EF-EFC6-49AE-B01B-4B7D3277D4FC} = {51FC39CD-BA3C-48F7-A189-4661CD785E2C}
		{96696228-7038-4703-8D8D-64DDD8A44D4D} = {95F0C4EF-EFC6-49AE-B01B-4B7D3277D4FC}
		{37E69E03-B947-4164-99A3-B984B2480FD2} = {95F0C4EF-EFC6-49AE-B01B-4B7D3277D4FC}
		{4C71D8C3-BC5A-44DA-9FE5-F06FA0FB2906} = {51FC39CD-BA3C-48F7-A189-4661CD785E2C}
		{EA93928A-6B20-4BC3-A7E7-6069040DE285} = {4C71D8C3-BC5A-44DA-9FE5-F06FA0FB2906}
		{08B58B72-0B46-40CB-9DD7-E9DDE4C4CAAA} = {4C71D8C3-BC5A-44DA-9FE5-F06FA0FB2906}
		{00C01863-3517-4AAA-B2B9-54BFE562E4DB} = {51FC39CD-BA3C-48F7-A189-4661CD785E2C}
		{3E1F4E83-8898-41F7-A5D2-4F4964FFD32D} = {00C01863-3517-4AAA-B2B9-54BFE562E4DB}
		{F8CE138C-6374-4C09-B2EF-85BD9F61C90A} = {00C01863-3517-4AAA-B2B9-54BFE562E4DB}
		{3B253847-FB6B-4DE1-8E2C-D018AABB77D1} = {51FC39CD-BA3C-48F7-A189-4661CD785E2C}
		{CAB9C740-EADF-40BA-8D3E-81970444B13D} = {3B253847-FB6B-4DE1-8E2C-D018AABB77D1}
		{64CDBEB9-EDC3-490A-B70A-AF67BDDA64DA} = {3B253847-FB6B-4DE1-8E2C-D018AABB77D1}
	EndGlobalSection
EndGlobal
