
Microsoft Visual Studio Solution File, Format Version 12.00
# Visual Studio Version 17
VisualStudioVersion = 17.0.31903.59
MinimumVisualStudioVersion = 10.0.40219.1
Project("{2150E333-8FDC-42A3-9474-1A3956D46DE8}") = "Src", "Src", "{AF160BC3-1264-4EB0-B77E-B826CB011509}"
EndProject
Project("{2150E333-8FDC-42A3-9474-1A3956D46DE8}") = "F1", "F1", "{3ED21146-E320-4048-8572-3B0AF1A4CABA}"
EndProject
Project("{FAE04EC0-301F-11D3-BF4B-00C04F79EFBC}") = "F1.Src", "Src\F1\F1.Src\F1.Src.csproj", "{64A11C30-E6C3-44ED-BE03-D7B41FEA594E}"
EndProject
Project("{FAE04EC0-301F-11D3-BF4B-00C04F79EFBC}") = "F1.Test", "Src\F1\F1.Test\F1.Test.csproj", "{639CE0F6-78E2-4FE3-A9A3-639FE3B31175}"
EndProject
Project("{2150E333-8FDC-42A3-9474-1A3956D46DE8}") = "F2", "F2", "{2529A4C0-87E8-4A36-9FBE-AF26CBADA9DC}"
EndProject
Project("{FAE04EC0-301F-11D3-BF4B-00C04F79EFBC}") = "F2.Test", "Src\F2\F2.Test\F2.Test.csproj", "{FE3B4A26-9FA0-4769-A75E-E96CBDA88C53}"
EndProject
Project("{FAE04EC0-301F-11D3-BF4B-00C04F79EFBC}") = "F2.Src", "Src\F2\F2.Src\F2.Src.csproj", "{A84E9BEF-271A-47C3-BE8A-B4243AD5C267}"
EndProject
Project("{2150E333-8FDC-42A3-9474-1A3956D46DE8}") = "FBaseApi", "FBaseApi", "{748978A9-AFC6-4BE7-BEE7-1B91D672A6CC}"
EndProject
Project("{FAE04EC0-301F-11D3-BF4B-00C04F79EFBC}") = "FBaseApi.Fastendpoint", "Src\FBaseApi\FBaseApi.Fastendpoint\FBaseApi.Fastendpoint.csproj", "{F9831C8A-D1E5-4313-98AD-9890DAC15676}"
EndProject
Project("{2150E333-8FDC-42A3-9474-1A3956D46DE8}") = "Entry", "Entry", "{604A65F7-7D17-439B-92F5-3A1D359506F5}"
EndProject
Project("{FAE04EC0-301F-11D3-BF4B-00C04F79EFBC}") = "Entry.Src", "Src\Entry\Entry.Src\Entry.Src.csproj", "{C74FA390-EEC8-4F4D-B406-7DCD4CF12711}"
EndProject
Project("{2150E333-8FDC-42A3-9474-1A3956D46DE8}") = "FCommon", "FCommon", "{151A970F-A967-40FC-B95A-3A6C3DEE2E34}"
EndProject
Project("{FAE04EC0-301F-11D3-BF4B-00C04F79EFBC}") = "FCommon.Test", "Src\FCommon\FCommon.Test\FCommon.Test.csproj", "{036CEB05-743B-40FB-ABC4-F79047ACFF4C}"
EndProject
Project("{FAE04EC0-301F-11D3-BF4B-00C04F79EFBC}") = "FCommon.Src", "Src\FCommon\FCommon.Src\FCommon.Src.csproj", "{2D7EBD58-CB31-49BC-AEEF-121AF9F12685}"
EndProject
Project("{FAE04EC0-301F-11D3-BF4B-00C04F79EFBC}") = "Entry.Test", "Src\Entry\Entry.Test\Entry.Test.csproj", "{B020F82F-D443-48BC-B7DC-234EDF4141B0}"
EndProject
Project("{2150E333-8FDC-42A3-9474-1A3956D46DE8}") = "FA2", "FA2", "{2B4E5014-C87A-4C73-BF0A-6E6858C130B1}"
EndProject
Project("{FAE04EC0-301F-11D3-BF4B-00C04F79EFBC}") = "FA2.Test", "Src\FA2\FA2.Test\FA2.Test.csproj", "{AF4CD5E2-E027-4231-94B2-F653BF8B71AA}"
EndProject
Project("{FAE04EC0-301F-11D3-BF4B-00C04F79EFBC}") = "FA2.Src", "Src\FA2\FA2.Src\FA2.Src.csproj", "{07735D63-5DE5-47E3-85D3-2A7176F25CDA}"
EndProject
Project("{2150E333-8FDC-42A3-9474-1A3956D46DE8}") = "FA1", "FA1", "{44892C03-DD54-4F4D-AD28-B44B4AEEF585}"
EndProject
Project("{FAE04EC0-301F-11D3-BF4B-00C04F79EFBC}") = "FA1.Src", "Src\FA1\FA1.Src\FA1.Src.csproj", "{FBF19D17-5B1A-49F5-889A-0CD3EEFA1A02}"
EndProject
Project("{FAE04EC0-301F-11D3-BF4B-00C04F79EFBC}") = "FA1.Test", "Src\FA1\FA1.Test\FA1.Test.csproj", "{DBE062F1-67F3-4A04-A3E7-343AA10281EF}"
EndProject
Global
	GlobalSection(SolutionConfigurationPlatforms) = preSolution
		Debug|Any CPU = Debug|Any CPU
		Release|Any CPU = Release|Any CPU
	EndGlobalSection
	GlobalSection(ProjectConfigurationPlatforms) = postSolution
		{64A11C30-E6C3-44ED-BE03-D7B41FEA594E}.Debug|Any CPU.ActiveCfg = Debug|Any CPU
		{64A11C30-E6C3-44ED-BE03-D7B41FEA594E}.Debug|Any CPU.Build.0 = Debug|Any CPU
		{64A11C30-E6C3-44ED-BE03-D7B41FEA594E}.Release|Any CPU.ActiveCfg = Release|Any CPU
		{64A11C30-E6C3-44ED-BE03-D7B41FEA594E}.Release|Any CPU.Build.0 = Release|Any CPU
		{639CE0F6-78E2-4FE3-A9A3-639FE3B31175}.Debug|Any CPU.ActiveCfg = Debug|Any CPU
		{639CE0F6-78E2-4FE3-A9A3-639FE3B31175}.Debug|Any CPU.Build.0 = Debug|Any CPU
		{639CE0F6-78E2-4FE3-A9A3-639FE3B31175}.Release|Any CPU.ActiveCfg = Release|Any CPU
		{639CE0F6-78E2-4FE3-A9A3-639FE3B31175}.Release|Any CPU.Build.0 = Release|Any CPU
		{FE3B4A26-9FA0-4769-A75E-E96CBDA88C53}.Debug|Any CPU.ActiveCfg = Debug|Any CPU
		{FE3B4A26-9FA0-4769-A75E-E96CBDA88C53}.Debug|Any CPU.Build.0 = Debug|Any CPU
		{FE3B4A26-9FA0-4769-A75E-E96CBDA88C53}.Release|Any CPU.ActiveCfg = Release|Any CPU
		{FE3B4A26-9FA0-4769-A75E-E96CBDA88C53}.Release|Any CPU.Build.0 = Release|Any CPU
		{A84E9BEF-271A-47C3-BE8A-B4243AD5C267}.Debug|Any CPU.ActiveCfg = Debug|Any CPU
		{A84E9BEF-271A-47C3-BE8A-B4243AD5C267}.Debug|Any CPU.Build.0 = Debug|Any CPU
		{A84E9BEF-271A-47C3-BE8A-B4243AD5C267}.Release|Any CPU.ActiveCfg = Release|Any CPU
		{A84E9BEF-271A-47C3-BE8A-B4243AD5C267}.Release|Any CPU.Build.0 = Release|Any CPU
		{F9831C8A-D1E5-4313-98AD-9890DAC15676}.Debug|Any CPU.ActiveCfg = Debug|Any CPU
		{F9831C8A-D1E5-4313-98AD-9890DAC15676}.Debug|Any CPU.Build.0 = Debug|Any CPU
		{F9831C8A-D1E5-4313-98AD-9890DAC15676}.Release|Any CPU.ActiveCfg = Release|Any CPU
		{F9831C8A-D1E5-4313-98AD-9890DAC15676}.Release|Any CPU.Build.0 = Release|Any CPU
		{C74FA390-EEC8-4F4D-B406-7DCD4CF12711}.Debug|Any CPU.ActiveCfg = Debug|Any CPU
		{C74FA390-EEC8-4F4D-B406-7DCD4CF12711}.Debug|Any CPU.Build.0 = Debug|Any CPU
		{C74FA390-EEC8-4F4D-B406-7DCD4CF12711}.Release|Any CPU.ActiveCfg = Release|Any CPU
		{C74FA390-EEC8-4F4D-B406-7DCD4CF12711}.Release|Any CPU.Build.0 = Release|Any CPU
		{036CEB05-743B-40FB-ABC4-F79047ACFF4C}.Debug|Any CPU.ActiveCfg = Debug|Any CPU
		{036CEB05-743B-40FB-ABC4-F79047ACFF4C}.Debug|Any CPU.Build.0 = Debug|Any CPU
		{036CEB05-743B-40FB-ABC4-F79047ACFF4C}.Release|Any CPU.ActiveCfg = Release|Any CPU
		{036CEB05-743B-40FB-ABC4-F79047ACFF4C}.Release|Any CPU.Build.0 = Release|Any CPU
		{2D7EBD58-CB31-49BC-AEEF-121AF9F12685}.Debug|Any CPU.ActiveCfg = Debug|Any CPU
		{2D7EBD58-CB31-49BC-AEEF-121AF9F12685}.Debug|Any CPU.Build.0 = Debug|Any CPU
		{2D7EBD58-CB31-49BC-AEEF-121AF9F12685}.Release|Any CPU.ActiveCfg = Release|Any CPU
		{2D7EBD58-CB31-49BC-AEEF-121AF9F12685}.Release|Any CPU.Build.0 = Release|Any CPU
		{B020F82F-D443-48BC-B7DC-234EDF4141B0}.Debug|Any CPU.ActiveCfg = Debug|Any CPU
		{B020F82F-D443-48BC-B7DC-234EDF4141B0}.Debug|Any CPU.Build.0 = Debug|Any CPU
		{B020F82F-D443-48BC-B7DC-234EDF4141B0}.Release|Any CPU.ActiveCfg = Release|Any CPU
		{B020F82F-D443-48BC-B7DC-234EDF4141B0}.Release|Any CPU.Build.0 = Release|Any CPU
		{AF4CD5E2-E027-4231-94B2-F653BF8B71AA}.Debug|Any CPU.ActiveCfg = Debug|Any CPU
		{AF4CD5E2-E027-4231-94B2-F653BF8B71AA}.Debug|Any CPU.Build.0 = Debug|Any CPU
		{AF4CD5E2-E027-4231-94B2-F653BF8B71AA}.Release|Any CPU.ActiveCfg = Release|Any CPU
		{AF4CD5E2-E027-4231-94B2-F653BF8B71AA}.Release|Any CPU.Build.0 = Release|Any CPU
		{07735D63-5DE5-47E3-85D3-2A7176F25CDA}.Debug|Any CPU.ActiveCfg = Debug|Any CPU
		{07735D63-5DE5-47E3-85D3-2A7176F25CDA}.Debug|Any CPU.Build.0 = Debug|Any CPU
		{07735D63-5DE5-47E3-85D3-2A7176F25CDA}.Release|Any CPU.ActiveCfg = Release|Any CPU
		{07735D63-5DE5-47E3-85D3-2A7176F25CDA}.Release|Any CPU.Build.0 = Release|Any CPU
		{FBF19D17-5B1A-49F5-889A-0CD3EEFA1A02}.Debug|Any CPU.ActiveCfg = Debug|Any CPU
		{FBF19D17-5B1A-49F5-889A-0CD3EEFA1A02}.Debug|Any CPU.Build.0 = Debug|Any CPU
		{FBF19D17-5B1A-49F5-889A-0CD3EEFA1A02}.Release|Any CPU.ActiveCfg = Release|Any CPU
		{FBF19D17-5B1A-49F5-889A-0CD3EEFA1A02}.Release|Any CPU.Build.0 = Release|Any CPU
		{DBE062F1-67F3-4A04-A3E7-343AA10281EF}.Debug|Any CPU.ActiveCfg = Debug|Any CPU
		{DBE062F1-67F3-4A04-A3E7-343AA10281EF}.Debug|Any CPU.Build.0 = Debug|Any CPU
		{DBE062F1-67F3-4A04-A3E7-343AA10281EF}.Release|Any CPU.ActiveCfg = Release|Any CPU
		{DBE062F1-67F3-4A04-A3E7-343AA10281EF}.Release|Any CPU.Build.0 = Release|Any CPU
	EndGlobalSection
	GlobalSection(SolutionProperties) = preSolution
		HideSolutionNode = FALSE
	EndGlobalSection
	GlobalSection(NestedProjects) = preSolution
		{3ED21146-E320-4048-8572-3B0AF1A4CABA} = {AF160BC3-1264-4EB0-B77E-B826CB011509}
		{64A11C30-E6C3-44ED-BE03-D7B41FEA594E} = {3ED21146-E320-4048-8572-3B0AF1A4CABA}
		{639CE0F6-78E2-4FE3-A9A3-639FE3B31175} = {3ED21146-E320-4048-8572-3B0AF1A4CABA}
		{2529A4C0-87E8-4A36-9FBE-AF26CBADA9DC} = {AF160BC3-1264-4EB0-B77E-B826CB011509}
		{FE3B4A26-9FA0-4769-A75E-E96CBDA88C53} = {2529A4C0-87E8-4A36-9FBE-AF26CBADA9DC}
		{A84E9BEF-271A-47C3-BE8A-B4243AD5C267} = {2529A4C0-87E8-4A36-9FBE-AF26CBADA9DC}
		{748978A9-AFC6-4BE7-BEE7-1B91D672A6CC} = {AF160BC3-1264-4EB0-B77E-B826CB011509}
		{F9831C8A-D1E5-4313-98AD-9890DAC15676} = {748978A9-AFC6-4BE7-BEE7-1B91D672A6CC}
		{604A65F7-7D17-439B-92F5-3A1D359506F5} = {AF160BC3-1264-4EB0-B77E-B826CB011509}
		{C74FA390-EEC8-4F4D-B406-7DCD4CF12711} = {604A65F7-7D17-439B-92F5-3A1D359506F5}
		{151A970F-A967-40FC-B95A-3A6C3DEE2E34} = {AF160BC3-1264-4EB0-B77E-B826CB011509}
		{036CEB05-743B-40FB-ABC4-F79047ACFF4C} = {151A970F-A967-40FC-B95A-3A6C3DEE2E34}
		{2D7EBD58-CB31-49BC-AEEF-121AF9F12685} = {151A970F-A967-40FC-B95A-3A6C3DEE2E34}
		{B020F82F-D443-48BC-B7DC-234EDF4141B0} = {604A65F7-7D17-439B-92F5-3A1D359506F5}
		{2B4E5014-C87A-4C73-BF0A-6E6858C130B1} = {AF160BC3-1264-4EB0-B77E-B826CB011509}
		{AF4CD5E2-E027-4231-94B2-F653BF8B71AA} = {2B4E5014-C87A-4C73-BF0A-6E6858C130B1}
		{07735D63-5DE5-47E3-85D3-2A7176F25CDA} = {2B4E5014-C87A-4C73-BF0A-6E6858C130B1}
		{44892C03-DD54-4F4D-AD28-B44B4AEEF585} = {AF160BC3-1264-4EB0-B77E-B826CB011509}
		{FBF19D17-5B1A-49F5-889A-0CD3EEFA1A02} = {44892C03-DD54-4F4D-AD28-B44B4AEEF585}
		{DBE062F1-67F3-4A04-A3E7-343AA10281EF} = {44892C03-DD54-4F4D-AD28-B44B4AEEF585}
	EndGlobalSection
EndGlobal
