
Microsoft Visual Studio Solution File, Format Version 12.00
# Visual Studio Version 17
VisualStudioVersion = 17.0.31903.59
MinimumVisualStudioVersion = 10.0.40219.1
Project("{2150E333-8FDC-42A3-9474-1A3956D46DE8}") = "Src", "Src", "{63B9A3EA-71C1-4717-9263-994AC96E5E74}"
EndProject
Project("{2150E333-8FDC-42A3-9474-1A3956D46DE8}") = "Core", "Core", "{F7C07F6C-C2ED-4E06-9025-AD33B4BBBB51}"
	ProjectSection(SolutionItems) = preProject
		Src\Core\Directory.Build.props = Src\Core\Directory.Build.props
	EndProjectSection
EndProject
Project("{FAE04EC0-301F-11D3-BF4B-00C04F79EFBC}") = "F1", "Src\Core\F1\F1.csproj", "{66F01071-1A19-419A-B406-4AECB5BACA02}"
EndProject
Project("{FAE04EC0-301F-11D3-BF4B-00C04F79EFBC}") = "F2", "Src\Core\F2\F2.csproj", "{9588DCFF-33CA-47D8-B23C-9FAA032A0EF2}"
EndProject
Project("{FAE04EC0-301F-11D3-BF4B-00C04F79EFBC}") = "F3", "Src\Core\F3\F3.csproj", "{BE437700-1603-4D73-9000-BFC28C5CDFFD}"
EndProject
Project("{FAE04EC0-301F-11D3-BF4B-00C04F79EFBC}") = "F4", "Src\Core\F4\F4.csproj", "{4DFE7E5A-EFAF-4764-937A-C0BAB6851A0B}"
EndProject
Project("{FAE04EC0-301F-11D3-BF4B-00C04F79EFBC}") = "F5", "Src\Core\F5\F5.csproj", "{3AB4A7B3-D4CF-42B4-94EF-F3395CDEAAE5}"
EndProject
Project("{FAE04EC0-301F-11D3-BF4B-00C04F79EFBC}") = "F6", "Src\Core\F6\F6.csproj", "{072DB1A9-41D0-450C-94A5-B269606672AD}"
EndProject
Project("{FAE04EC0-301F-11D3-BF4B-00C04F79EFBC}") = "F7", "Src\Core\F7\F7.csproj", "{F7E9FBCF-1552-4EAE-A8FE-853CD202A4F6}"
EndProject
Project("{FAE04EC0-301F-11D3-BF4B-00C04F79EFBC}") = "F8", "Src\Core\F8\F8.csproj", "{EA85EA93-6E39-4533-9AF6-4C17F81AD591}"
EndProject
Project("{FAE04EC0-301F-11D3-BF4B-00C04F79EFBC}") = "F9", "Src\Core\F9\F9.csproj", "{7A8CDDFA-C314-401D-A399-2A3F021AFBFA}"
EndProject
Project("{FAE04EC0-301F-11D3-BF4B-00C04F79EFBC}") = "F10", "Src\Core\F10\F10.csproj", "{A4985A5E-EFCB-456A-94AC-7C8B74FAFEDE}"
EndProject
Project("{FAE04EC0-301F-11D3-BF4B-00C04F79EFBC}") = "F11", "Src\Core\F11\F11.csproj", "{A28CBCFE-ACEE-4C0D-A300-EBD78B0443C2}"
EndProject
Project("{FAE04EC0-301F-11D3-BF4B-00C04F79EFBC}") = "FCommon", "Src\Core\FCommon\FCommon.csproj", "{37CA3F49-B936-4E4E-86C2-EC027E10627D}"
EndProject
Project("{2150E333-8FDC-42A3-9474-1A3956D46DE8}") = "External", "External", "{CBDAA96C-4A53-4A24-A4CC-EE8EB0DE5433}"
	ProjectSection(SolutionItems) = preProject
		Src\External\Directory.Build.props = Src\External\Directory.Build.props
	EndProjectSection
EndProject
Project("{FAE04EC0-301F-11D3-BF4B-00C04F79EFBC}") = "FA1", "Src\External\FA1\FA1.csproj", "{A1597A7F-A1EC-46AF-8F4A-25CC4F82D226}"
EndProject
Project("{FAE04EC0-301F-11D3-BF4B-00C04F79EFBC}") = "FA2", "Src\External\FA2\FA2.csproj", "{6B5EBC3A-D265-40F8-A010-06B56382E881}"
EndProject
Project("{FAE04EC0-301F-11D3-BF4B-00C04F79EFBC}") = "FA3", "Src\External\FA3\FA3.csproj", "{54C077C3-06A6-4257-969F-6E6C7B35FBBC}"
EndProject
Project("{FAE04EC0-301F-11D3-BF4B-00C04F79EFBC}") = "FACommon", "Src\External\FACommon\FACommon.csproj", "{9E1085A1-2DC7-4D0A-8FD3-0704F9F31818}"
EndProject
Project("{2150E333-8FDC-42A3-9474-1A3956D46DE8}") = "Base", "Base", "{C765A70E-BD25-4952-9CD7-33A7AE96D4B7}"
EndProject
Project("{FAE04EC0-301F-11D3-BF4B-00C04F79EFBC}") = "FBaseApi", "Src\Base\FBaseApi\FBaseApi.csproj", "{1704AE25-FEF9-44E3-BC37-CA2919D48BF8}"
EndProject
Project("{FAE04EC0-301F-11D3-BF4B-00C04F79EFBC}") = "FConfig", "Src\Base\FConfig\FConfig.csproj", "{8D98695D-035A-4B61-8490-EF612F096F63}"
EndProject
Project("{FAE04EC0-301F-11D3-BF4B-00C04F79EFBC}") = "Entry", "Src\Entry\Entry.csproj", "{C9E58BC8-1F12-4214-BABF-6F33B1B9D7F0}"
EndProject
Project("{FAE04EC0-301F-11D3-BF4B-00C04F79EFBC}") = "F12", "Src\Core\F12\F12.csproj", "{8C7E3C63-2CCD-42FD-A295-BE8D6DAB322B}"
EndProject
Project("{FAE04EC0-301F-11D3-BF4B-00C04F79EFBC}") = "F13", "Src\Core\F13\F13.csproj", "{95E410E2-9C9C-4ED3-B927-3E2951197829}"
EndProject
Project("{FAE04EC0-301F-11D3-BF4B-00C04F79EFBC}") = "F14", "Src\Core\F14\F14.csproj", "{C044FCB9-18E7-4EE2-AA37-19E658387971}"
EndProject
Project("{FAE04EC0-301F-11D3-BF4B-00C04F79EFBC}") = "F15", "Src\Core\F15\F15.csproj", "{5F6FC9E6-C713-471B-99E8-AACC3994C583}"
EndProject
Project("{FAE04EC0-301F-11D3-BF4B-00C04F79EFBC}") = "F16", "Src\Core\F16\F16.csproj", "{7373234F-7D82-49D3-BBCB-B8CFD84F6389}"
EndProject
Project("{FAE04EC0-301F-11D3-BF4B-00C04F79EFBC}") = "F17", "Src\Core\F17\F17.csproj", "{A4CC6A27-4EDE-4383-9956-B41A622D34D3}"
EndProject
Project("{FAE04EC0-301F-11D3-BF4B-00C04F79EFBC}") = "F18", "Src\Core\F18\F18.csproj", "{53684635-F86C-4635-ABFA-B889CAF9308B}"
EndProject
Project("{FAE04EC0-301F-11D3-BF4B-00C04F79EFBC}") = "F19", "Src\Core\F19\F19.csproj", "{EF2E0912-0619-4094-AD09-6752AABE5B0A}"
EndProject
Project("{FAE04EC0-301F-11D3-BF4B-00C04F79EFBC}") = "F20", "Src\Core\F20\F20.csproj", "{3BABDF7F-9D58-4AA2-A496-00463F1FA131}"
EndProject
Project("{FAE04EC0-301F-11D3-BF4B-00C04F79EFBC}") = "F21", "Src\Core\F21\F21.csproj", "{E605AF2D-B556-4108-BD6E-3BD93046D4A0}"
EndProject
Project("{FAE04EC0-301F-11D3-BF4B-00C04F79EFBC}") = "FA4", "Src\External\FA4\FA4.csproj", "{C4D5578B-E1E7-4B82-8790-FC6ABAE8AA92}"
EndProject
Project("{2150E333-8FDC-42A3-9474-1A3956D46DE8}") = "Solution Items", "Solution Items", "{B0FEB464-4C8F-47CA-AE59-2DE61B7F4707}"
	ProjectSection(SolutionItems) = preProject
		.csharpierrc.json = .csharpierrc.json
		.gitattributes = .gitattributes
		.gitignore = .gitignore
		app-assembly.json = app-assembly.json
		Directory.Build.props = Directory.Build.props
		Directory.Packages.props = Directory.Packages.props
		global.json = global.json
		LICENSE = LICENSE
		nuget.config = nuget.config
		README.md = README.md
	EndProjectSection
EndProject
Project("{2150E333-8FDC-42A3-9474-1A3956D46DE8}") = ".config", ".config", "{D9331861-8FC5-4C06-8EE2-7364404B5A01}"
	ProjectSection(SolutionItems) = preProject
		.config\dotnet-tools.json = .config\dotnet-tools.json
	EndProjectSection
EndProject
Project("{2150E333-8FDC-42A3-9474-1A3956D46DE8}") = ".github", ".github", "{AFDFD30E-38E6-4679-AD39-50628F9C5DF3}"
EndProject
Project("{2150E333-8FDC-42A3-9474-1A3956D46DE8}") = "workflows", "workflows", "{2468767E-E3D2-44E7-BC95-F2C2B4FB10AF}"
	ProjectSection(SolutionItems) = preProject
		.github\workflows\ci.yml = .github\workflows\ci.yml
	EndProjectSection
EndProject
Project("{2150E333-8FDC-42A3-9474-1A3956D46DE8}") = "Scripts", "Scripts", "{B1D77757-B378-427C-970B-5D31C8DF289F}"
EndProject
Project("{2150E333-8FDC-42A3-9474-1A3956D46DE8}") = "Build", "Build", "{69EF1320-1DAD-466F-8572-ED14EF93227F}"
	ProjectSection(SolutionItems) = preProject
		Scripts\Build\build.ps1 = Scripts\Build\build.ps1
		Scripts\Build\build.sh = Scripts\Build\build.sh
	EndProjectSection
EndProject
Project("{2150E333-8FDC-42A3-9474-1A3956D46DE8}") = "Clean", "Clean", "{7FE7F545-A67A-43AD-B78B-DAE81C56A872}"
	ProjectSection(SolutionItems) = preProject
		Scripts\Clean\clean.ps1 = Scripts\Clean\clean.ps1
		Scripts\Clean\clean.sh = Scripts\Clean\clean.sh
	EndProjectSection
EndProject
Project("{2150E333-8FDC-42A3-9474-1A3956D46DE8}") = "Init", "Init", "{CBA9DF4D-833C-491A-AF56-7F6C417054C6}"
	ProjectSection(SolutionItems) = preProject
		Scripts\Init\init.ps1 = Scripts\Init\init.ps1
		Scripts\Init\init.sh = Scripts\Init\init.sh
	EndProjectSection
EndProject
Project("{2150E333-8FDC-42A3-9474-1A3956D46DE8}") = "PublishApp", "PublishApp", "{143C5DA0-3F23-4195-BE61-466506491A03}"
	ProjectSection(SolutionItems) = preProject
		Scripts\PublishApp\publish.ps1 = Scripts\PublishApp\publish.ps1
		Scripts\PublishApp\publish.sh = Scripts\PublishApp\publish.sh
	EndProjectSection
EndProject
Project("{2150E333-8FDC-42A3-9474-1A3956D46DE8}") = "Run", "Run", "{6E87277D-AF2D-4050-A7EA-D7D4FC67105D}"
	ProjectSection(SolutionItems) = preProject
		Scripts\Run\run.ps1 = Scripts\Run\run.ps1
		Scripts\Run\run.sh = Scripts\Run\run.sh
	EndProjectSection
EndProject
Project("{2150E333-8FDC-42A3-9474-1A3956D46DE8}") = "Test", "Test", "{EC27E747-F45C-44DE-B8C2-CBD5DC048358}"
	ProjectSection(SolutionItems) = preProject
		Scripts\Test\test.ps1 = Scripts\Test\test.ps1
		Scripts\Test\test.sh = Scripts\Test\test.sh
	EndProjectSection
EndProject
Project("{2150E333-8FDC-42A3-9474-1A3956D46DE8}") = "AppInfrastructure", "AppInfrastructure", "{BADD0A00-633B-448B-918B-FC8BF854AF35}"
	ProjectSection(SolutionItems) = preProject
		AppInfrastructure\.dockerignore = AppInfrastructure\.dockerignore
		AppInfrastructure\.env = AppInfrastructure\.env
		AppInfrastructure\docker-compose.yml = AppInfrastructure\docker-compose.yml
	EndProjectSection
EndProject
Project("{2150E333-8FDC-42A3-9474-1A3956D46DE8}") = "Customs", "Customs", "{1274DA84-7CA0-46FE-93F9-94953B756976}"
EndProject
Project("{2150E333-8FDC-42A3-9474-1A3956D46DE8}") = "Pgbouncer", "Pgbouncer", "{FD12479D-F6E6-44A4-BD4E-A11AE2C7E521}"
	ProjectSection(SolutionItems) = preProject
		AppInfrastructure\Customs\Pgbouncer\Dockerfile = AppInfrastructure\Customs\Pgbouncer\Dockerfile
	EndProjectSection
EndProject
Project("{2150E333-8FDC-42A3-9474-1A3956D46DE8}") = "Postgres", "Postgres", "{09FD213A-67D1-4403-A6D7-7C6EEFFD81F9}"
	ProjectSection(SolutionItems) = preProject
		AppInfrastructure\Customs\Postgres\Dockerfile = AppInfrastructure\Customs\Postgres\Dockerfile
	EndProjectSection
EndProject
Project("{2150E333-8FDC-42A3-9474-1A3956D46DE8}") = "Redis", "Redis", "{EE264AC6-73ED-4FD7-B134-DAB7E5CC2D75}"
	ProjectSection(SolutionItems) = preProject
		AppInfrastructure\Customs\Redis\Dockerfile = AppInfrastructure\Customs\Redis\Dockerfile
		AppInfrastructure\Customs\Redis\users.acl = AppInfrastructure\Customs\Redis\users.acl
	EndProjectSection
EndProject
Project("{2150E333-8FDC-42A3-9474-1A3956D46DE8}") = "Static", "Static", "{C4A6606B-1991-447F-91D9-D1D430FF68DE}"
EndProject
Project("{2150E333-8FDC-42A3-9474-1A3956D46DE8}") = "Docs", "Docs", "{DAA8339F-838B-41CB-9242-9BB4152C5771}"
	ProjectSection(SolutionItems) = preProject
		Static\Docs\AGentleIntroduction.md = Static\Docs\AGentleIntroduction.md
		Static\Docs\CustomizeScript.md = Static\Docs\CustomizeScript.md
		Static\Docs\DirectoryBuildProps.md = Static\Docs\DirectoryBuildProps.md
		Static\Docs\DirectoryPackagesProps.md = Static\Docs\DirectoryPackagesProps.md
		Static\Docs\DotnetToolConfig.md = Static\Docs\DotnetToolConfig.md
		Static\Docs\GlobalJson.md = Static\Docs\GlobalJson.md
		Static\Docs\NugetConfig.md = Static\Docs\NugetConfig.md
	EndProjectSection
EndProject
Project("{2150E333-8FDC-42A3-9474-1A3956D46DE8}") = "Images", "Images", "{BF923DDB-1FD2-42F1-8E1C-DA8D2765094C}"
	ProjectSection(SolutionItems) = preProject
		Static\Images\Out.png = Static\Images\Out.png
		Static\Images\TestResult.png = Static\Images\TestResult.png
	EndProjectSection
EndProject
Global
	GlobalSection(SolutionConfigurationPlatforms) = preSolution
		Debug|Any CPU = Debug|Any CPU
		Release|Any CPU = Release|Any CPU
	EndGlobalSection
	GlobalSection(ProjectConfigurationPlatforms) = postSolution
		{66F01071-1A19-419A-B406-4AECB5BACA02}.Debug|Any CPU.ActiveCfg = Debug|Any CPU
		{66F01071-1A19-419A-B406-4AECB5BACA02}.Debug|Any CPU.Build.0 = Debug|Any CPU
		{66F01071-1A19-419A-B406-4AECB5BACA02}.Release|Any CPU.ActiveCfg = Release|Any CPU
		{66F01071-1A19-419A-B406-4AECB5BACA02}.Release|Any CPU.Build.0 = Release|Any CPU
		{9588DCFF-33CA-47D8-B23C-9FAA032A0EF2}.Debug|Any CPU.ActiveCfg = Debug|Any CPU
		{9588DCFF-33CA-47D8-B23C-9FAA032A0EF2}.Debug|Any CPU.Build.0 = Debug|Any CPU
		{9588DCFF-33CA-47D8-B23C-9FAA032A0EF2}.Release|Any CPU.ActiveCfg = Release|Any CPU
		{9588DCFF-33CA-47D8-B23C-9FAA032A0EF2}.Release|Any CPU.Build.0 = Release|Any CPU
		{BE437700-1603-4D73-9000-BFC28C5CDFFD}.Debug|Any CPU.ActiveCfg = Debug|Any CPU
		{BE437700-1603-4D73-9000-BFC28C5CDFFD}.Debug|Any CPU.Build.0 = Debug|Any CPU
		{BE437700-1603-4D73-9000-BFC28C5CDFFD}.Release|Any CPU.ActiveCfg = Release|Any CPU
		{BE437700-1603-4D73-9000-BFC28C5CDFFD}.Release|Any CPU.Build.0 = Release|Any CPU
		{4DFE7E5A-EFAF-4764-937A-C0BAB6851A0B}.Debug|Any CPU.ActiveCfg = Debug|Any CPU
		{4DFE7E5A-EFAF-4764-937A-C0BAB6851A0B}.Debug|Any CPU.Build.0 = Debug|Any CPU
		{4DFE7E5A-EFAF-4764-937A-C0BAB6851A0B}.Release|Any CPU.ActiveCfg = Release|Any CPU
		{4DFE7E5A-EFAF-4764-937A-C0BAB6851A0B}.Release|Any CPU.Build.0 = Release|Any CPU
		{3AB4A7B3-D4CF-42B4-94EF-F3395CDEAAE5}.Debug|Any CPU.ActiveCfg = Debug|Any CPU
		{3AB4A7B3-D4CF-42B4-94EF-F3395CDEAAE5}.Debug|Any CPU.Build.0 = Debug|Any CPU
		{3AB4A7B3-D4CF-42B4-94EF-F3395CDEAAE5}.Release|Any CPU.ActiveCfg = Release|Any CPU
		{3AB4A7B3-D4CF-42B4-94EF-F3395CDEAAE5}.Release|Any CPU.Build.0 = Release|Any CPU
		{072DB1A9-41D0-450C-94A5-B269606672AD}.Debug|Any CPU.ActiveCfg = Debug|Any CPU
		{072DB1A9-41D0-450C-94A5-B269606672AD}.Debug|Any CPU.Build.0 = Debug|Any CPU
		{072DB1A9-41D0-450C-94A5-B269606672AD}.Release|Any CPU.ActiveCfg = Release|Any CPU
		{072DB1A9-41D0-450C-94A5-B269606672AD}.Release|Any CPU.Build.0 = Release|Any CPU
		{F7E9FBCF-1552-4EAE-A8FE-853CD202A4F6}.Debug|Any CPU.ActiveCfg = Debug|Any CPU
		{F7E9FBCF-1552-4EAE-A8FE-853CD202A4F6}.Debug|Any CPU.Build.0 = Debug|Any CPU
		{F7E9FBCF-1552-4EAE-A8FE-853CD202A4F6}.Release|Any CPU.ActiveCfg = Release|Any CPU
		{F7E9FBCF-1552-4EAE-A8FE-853CD202A4F6}.Release|Any CPU.Build.0 = Release|Any CPU
		{EA85EA93-6E39-4533-9AF6-4C17F81AD591}.Debug|Any CPU.ActiveCfg = Debug|Any CPU
		{EA85EA93-6E39-4533-9AF6-4C17F81AD591}.Debug|Any CPU.Build.0 = Debug|Any CPU
		{EA85EA93-6E39-4533-9AF6-4C17F81AD591}.Release|Any CPU.ActiveCfg = Release|Any CPU
		{EA85EA93-6E39-4533-9AF6-4C17F81AD591}.Release|Any CPU.Build.0 = Release|Any CPU
		{7A8CDDFA-C314-401D-A399-2A3F021AFBFA}.Debug|Any CPU.ActiveCfg = Debug|Any CPU
		{7A8CDDFA-C314-401D-A399-2A3F021AFBFA}.Debug|Any CPU.Build.0 = Debug|Any CPU
		{7A8CDDFA-C314-401D-A399-2A3F021AFBFA}.Release|Any CPU.ActiveCfg = Release|Any CPU
		{7A8CDDFA-C314-401D-A399-2A3F021AFBFA}.Release|Any CPU.Build.0 = Release|Any CPU
		{A4985A5E-EFCB-456A-94AC-7C8B74FAFEDE}.Debug|Any CPU.ActiveCfg = Debug|Any CPU
		{A4985A5E-EFCB-456A-94AC-7C8B74FAFEDE}.Debug|Any CPU.Build.0 = Debug|Any CPU
		{A4985A5E-EFCB-456A-94AC-7C8B74FAFEDE}.Release|Any CPU.ActiveCfg = Release|Any CPU
		{A4985A5E-EFCB-456A-94AC-7C8B74FAFEDE}.Release|Any CPU.Build.0 = Release|Any CPU
		{A28CBCFE-ACEE-4C0D-A300-EBD78B0443C2}.Debug|Any CPU.ActiveCfg = Debug|Any CPU
		{A28CBCFE-ACEE-4C0D-A300-EBD78B0443C2}.Debug|Any CPU.Build.0 = Debug|Any CPU
		{A28CBCFE-ACEE-4C0D-A300-EBD78B0443C2}.Release|Any CPU.ActiveCfg = Release|Any CPU
		{A28CBCFE-ACEE-4C0D-A300-EBD78B0443C2}.Release|Any CPU.Build.0 = Release|Any CPU
		{37CA3F49-B936-4E4E-86C2-EC027E10627D}.Debug|Any CPU.ActiveCfg = Debug|Any CPU
		{37CA3F49-B936-4E4E-86C2-EC027E10627D}.Debug|Any CPU.Build.0 = Debug|Any CPU
		{37CA3F49-B936-4E4E-86C2-EC027E10627D}.Release|Any CPU.ActiveCfg = Release|Any CPU
		{37CA3F49-B936-4E4E-86C2-EC027E10627D}.Release|Any CPU.Build.0 = Release|Any CPU
		{A1597A7F-A1EC-46AF-8F4A-25CC4F82D226}.Debug|Any CPU.ActiveCfg = Debug|Any CPU
		{A1597A7F-A1EC-46AF-8F4A-25CC4F82D226}.Debug|Any CPU.Build.0 = Debug|Any CPU
		{A1597A7F-A1EC-46AF-8F4A-25CC4F82D226}.Release|Any CPU.ActiveCfg = Release|Any CPU
		{A1597A7F-A1EC-46AF-8F4A-25CC4F82D226}.Release|Any CPU.Build.0 = Release|Any CPU
		{6B5EBC3A-D265-40F8-A010-06B56382E881}.Debug|Any CPU.ActiveCfg = Debug|Any CPU
		{6B5EBC3A-D265-40F8-A010-06B56382E881}.Debug|Any CPU.Build.0 = Debug|Any CPU
		{6B5EBC3A-D265-40F8-A010-06B56382E881}.Release|Any CPU.ActiveCfg = Release|Any CPU
		{6B5EBC3A-D265-40F8-A010-06B56382E881}.Release|Any CPU.Build.0 = Release|Any CPU
		{54C077C3-06A6-4257-969F-6E6C7B35FBBC}.Debug|Any CPU.ActiveCfg = Debug|Any CPU
		{54C077C3-06A6-4257-969F-6E6C7B35FBBC}.Debug|Any CPU.Build.0 = Debug|Any CPU
		{54C077C3-06A6-4257-969F-6E6C7B35FBBC}.Release|Any CPU.ActiveCfg = Release|Any CPU
		{54C077C3-06A6-4257-969F-6E6C7B35FBBC}.Release|Any CPU.Build.0 = Release|Any CPU
		{9E1085A1-2DC7-4D0A-8FD3-0704F9F31818}.Debug|Any CPU.ActiveCfg = Debug|Any CPU
		{9E1085A1-2DC7-4D0A-8FD3-0704F9F31818}.Debug|Any CPU.Build.0 = Debug|Any CPU
		{9E1085A1-2DC7-4D0A-8FD3-0704F9F31818}.Release|Any CPU.ActiveCfg = Release|Any CPU
		{9E1085A1-2DC7-4D0A-8FD3-0704F9F31818}.Release|Any CPU.Build.0 = Release|Any CPU
		{1704AE25-FEF9-44E3-BC37-CA2919D48BF8}.Debug|Any CPU.ActiveCfg = Debug|Any CPU
		{1704AE25-FEF9-44E3-BC37-CA2919D48BF8}.Debug|Any CPU.Build.0 = Debug|Any CPU
		{1704AE25-FEF9-44E3-BC37-CA2919D48BF8}.Release|Any CPU.ActiveCfg = Release|Any CPU
		{1704AE25-FEF9-44E3-BC37-CA2919D48BF8}.Release|Any CPU.Build.0 = Release|Any CPU
		{8D98695D-035A-4B61-8490-EF612F096F63}.Debug|Any CPU.ActiveCfg = Debug|Any CPU
		{8D98695D-035A-4B61-8490-EF612F096F63}.Debug|Any CPU.Build.0 = Debug|Any CPU
		{8D98695D-035A-4B61-8490-EF612F096F63}.Release|Any CPU.ActiveCfg = Release|Any CPU
		{8D98695D-035A-4B61-8490-EF612F096F63}.Release|Any CPU.Build.0 = Release|Any CPU
		{C9E58BC8-1F12-4214-BABF-6F33B1B9D7F0}.Debug|Any CPU.ActiveCfg = Debug|Any CPU
		{C9E58BC8-1F12-4214-BABF-6F33B1B9D7F0}.Debug|Any CPU.Build.0 = Debug|Any CPU
		{C9E58BC8-1F12-4214-BABF-6F33B1B9D7F0}.Release|Any CPU.ActiveCfg = Release|Any CPU
		{C9E58BC8-1F12-4214-BABF-6F33B1B9D7F0}.Release|Any CPU.Build.0 = Release|Any CPU
		{8C7E3C63-2CCD-42FD-A295-BE8D6DAB322B}.Debug|Any CPU.ActiveCfg = Debug|Any CPU
		{8C7E3C63-2CCD-42FD-A295-BE8D6DAB322B}.Debug|Any CPU.Build.0 = Debug|Any CPU
		{8C7E3C63-2CCD-42FD-A295-BE8D6DAB322B}.Release|Any CPU.ActiveCfg = Release|Any CPU
		{8C7E3C63-2CCD-42FD-A295-BE8D6DAB322B}.Release|Any CPU.Build.0 = Release|Any CPU
		{95E410E2-9C9C-4ED3-B927-3E2951197829}.Debug|Any CPU.ActiveCfg = Debug|Any CPU
		{95E410E2-9C9C-4ED3-B927-3E2951197829}.Debug|Any CPU.Build.0 = Debug|Any CPU
		{95E410E2-9C9C-4ED3-B927-3E2951197829}.Release|Any CPU.ActiveCfg = Release|Any CPU
		{95E410E2-9C9C-4ED3-B927-3E2951197829}.Release|Any CPU.Build.0 = Release|Any CPU
		{C044FCB9-18E7-4EE2-AA37-19E658387971}.Debug|Any CPU.ActiveCfg = Debug|Any CPU
		{C044FCB9-18E7-4EE2-AA37-19E658387971}.Debug|Any CPU.Build.0 = Debug|Any CPU
		{C044FCB9-18E7-4EE2-AA37-19E658387971}.Release|Any CPU.ActiveCfg = Release|Any CPU
		{C044FCB9-18E7-4EE2-AA37-19E658387971}.Release|Any CPU.Build.0 = Release|Any CPU
		{5F6FC9E6-C713-471B-99E8-AACC3994C583}.Debug|Any CPU.ActiveCfg = Debug|Any CPU
		{5F6FC9E6-C713-471B-99E8-AACC3994C583}.Debug|Any CPU.Build.0 = Debug|Any CPU
		{5F6FC9E6-C713-471B-99E8-AACC3994C583}.Release|Any CPU.ActiveCfg = Release|Any CPU
		{5F6FC9E6-C713-471B-99E8-AACC3994C583}.Release|Any CPU.Build.0 = Release|Any CPU
		{7373234F-7D82-49D3-BBCB-B8CFD84F6389}.Debug|Any CPU.ActiveCfg = Debug|Any CPU
		{7373234F-7D82-49D3-BBCB-B8CFD84F6389}.Debug|Any CPU.Build.0 = Debug|Any CPU
		{7373234F-7D82-49D3-BBCB-B8CFD84F6389}.Release|Any CPU.ActiveCfg = Release|Any CPU
		{7373234F-7D82-49D3-BBCB-B8CFD84F6389}.Release|Any CPU.Build.0 = Release|Any CPU
		{A4CC6A27-4EDE-4383-9956-B41A622D34D3}.Debug|Any CPU.ActiveCfg = Debug|Any CPU
		{A4CC6A27-4EDE-4383-9956-B41A622D34D3}.Debug|Any CPU.Build.0 = Debug|Any CPU
		{A4CC6A27-4EDE-4383-9956-B41A622D34D3}.Release|Any CPU.ActiveCfg = Release|Any CPU
		{A4CC6A27-4EDE-4383-9956-B41A622D34D3}.Release|Any CPU.Build.0 = Release|Any CPU
		{53684635-F86C-4635-ABFA-B889CAF9308B}.Debug|Any CPU.ActiveCfg = Debug|Any CPU
		{53684635-F86C-4635-ABFA-B889CAF9308B}.Debug|Any CPU.Build.0 = Debug|Any CPU
		{53684635-F86C-4635-ABFA-B889CAF9308B}.Release|Any CPU.ActiveCfg = Release|Any CPU
		{53684635-F86C-4635-ABFA-B889CAF9308B}.Release|Any CPU.Build.0 = Release|Any CPU
		{EF2E0912-0619-4094-AD09-6752AABE5B0A}.Debug|Any CPU.ActiveCfg = Debug|Any CPU
		{EF2E0912-0619-4094-AD09-6752AABE5B0A}.Debug|Any CPU.Build.0 = Debug|Any CPU
		{EF2E0912-0619-4094-AD09-6752AABE5B0A}.Release|Any CPU.ActiveCfg = Release|Any CPU
		{EF2E0912-0619-4094-AD09-6752AABE5B0A}.Release|Any CPU.Build.0 = Release|Any CPU
		{3BABDF7F-9D58-4AA2-A496-00463F1FA131}.Debug|Any CPU.ActiveCfg = Debug|Any CPU
		{3BABDF7F-9D58-4AA2-A496-00463F1FA131}.Debug|Any CPU.Build.0 = Debug|Any CPU
		{3BABDF7F-9D58-4AA2-A496-00463F1FA131}.Release|Any CPU.ActiveCfg = Release|Any CPU
		{3BABDF7F-9D58-4AA2-A496-00463F1FA131}.Release|Any CPU.Build.0 = Release|Any CPU
		{E605AF2D-B556-4108-BD6E-3BD93046D4A0}.Debug|Any CPU.ActiveCfg = Debug|Any CPU
		{E605AF2D-B556-4108-BD6E-3BD93046D4A0}.Debug|Any CPU.Build.0 = Debug|Any CPU
		{E605AF2D-B556-4108-BD6E-3BD93046D4A0}.Release|Any CPU.ActiveCfg = Release|Any CPU
		{E605AF2D-B556-4108-BD6E-3BD93046D4A0}.Release|Any CPU.Build.0 = Release|Any CPU
		{C4D5578B-E1E7-4B82-8790-FC6ABAE8AA92}.Debug|Any CPU.ActiveCfg = Debug|Any CPU
		{C4D5578B-E1E7-4B82-8790-FC6ABAE8AA92}.Debug|Any CPU.Build.0 = Debug|Any CPU
		{C4D5578B-E1E7-4B82-8790-FC6ABAE8AA92}.Release|Any CPU.ActiveCfg = Release|Any CPU
		{C4D5578B-E1E7-4B82-8790-FC6ABAE8AA92}.Release|Any CPU.Build.0 = Release|Any CPU
	EndGlobalSection
	GlobalSection(SolutionProperties) = preSolution
		HideSolutionNode = FALSE
	EndGlobalSection
	GlobalSection(NestedProjects) = preSolution
		{F7C07F6C-C2ED-4E06-9025-AD33B4BBBB51} = {63B9A3EA-71C1-4717-9263-994AC96E5E74}
		{66F01071-1A19-419A-B406-4AECB5BACA02} = {F7C07F6C-C2ED-4E06-9025-AD33B4BBBB51}
		{9588DCFF-33CA-47D8-B23C-9FAA032A0EF2} = {F7C07F6C-C2ED-4E06-9025-AD33B4BBBB51}
		{BE437700-1603-4D73-9000-BFC28C5CDFFD} = {F7C07F6C-C2ED-4E06-9025-AD33B4BBBB51}
		{4DFE7E5A-EFAF-4764-937A-C0BAB6851A0B} = {F7C07F6C-C2ED-4E06-9025-AD33B4BBBB51}
		{3AB4A7B3-D4CF-42B4-94EF-F3395CDEAAE5} = {F7C07F6C-C2ED-4E06-9025-AD33B4BBBB51}
		{072DB1A9-41D0-450C-94A5-B269606672AD} = {F7C07F6C-C2ED-4E06-9025-AD33B4BBBB51}
		{F7E9FBCF-1552-4EAE-A8FE-853CD202A4F6} = {F7C07F6C-C2ED-4E06-9025-AD33B4BBBB51}
		{EA85EA93-6E39-4533-9AF6-4C17F81AD591} = {F7C07F6C-C2ED-4E06-9025-AD33B4BBBB51}
		{7A8CDDFA-C314-401D-A399-2A3F021AFBFA} = {F7C07F6C-C2ED-4E06-9025-AD33B4BBBB51}
		{A4985A5E-EFCB-456A-94AC-7C8B74FAFEDE} = {F7C07F6C-C2ED-4E06-9025-AD33B4BBBB51}
		{A28CBCFE-ACEE-4C0D-A300-EBD78B0443C2} = {F7C07F6C-C2ED-4E06-9025-AD33B4BBBB51}
		{37CA3F49-B936-4E4E-86C2-EC027E10627D} = {F7C07F6C-C2ED-4E06-9025-AD33B4BBBB51}
		{CBDAA96C-4A53-4A24-A4CC-EE8EB0DE5433} = {63B9A3EA-71C1-4717-9263-994AC96E5E74}
		{A1597A7F-A1EC-46AF-8F4A-25CC4F82D226} = {CBDAA96C-4A53-4A24-A4CC-EE8EB0DE5433}
		{6B5EBC3A-D265-40F8-A010-06B56382E881} = {CBDAA96C-4A53-4A24-A4CC-EE8EB0DE5433}
		{54C077C3-06A6-4257-969F-6E6C7B35FBBC} = {CBDAA96C-4A53-4A24-A4CC-EE8EB0DE5433}
		{9E1085A1-2DC7-4D0A-8FD3-0704F9F31818} = {CBDAA96C-4A53-4A24-A4CC-EE8EB0DE5433}
		{C765A70E-BD25-4952-9CD7-33A7AE96D4B7} = {63B9A3EA-71C1-4717-9263-994AC96E5E74}
		{1704AE25-FEF9-44E3-BC37-CA2919D48BF8} = {C765A70E-BD25-4952-9CD7-33A7AE96D4B7}
		{8D98695D-035A-4B61-8490-EF612F096F63} = {C765A70E-BD25-4952-9CD7-33A7AE96D4B7}
		{C9E58BC8-1F12-4214-BABF-6F33B1B9D7F0} = {63B9A3EA-71C1-4717-9263-994AC96E5E74}
		{8C7E3C63-2CCD-42FD-A295-BE8D6DAB322B} = {F7C07F6C-C2ED-4E06-9025-AD33B4BBBB51}
		{95E410E2-9C9C-4ED3-B927-3E2951197829} = {F7C07F6C-C2ED-4E06-9025-AD33B4BBBB51}
		{C044FCB9-18E7-4EE2-AA37-19E658387971} = {F7C07F6C-C2ED-4E06-9025-AD33B4BBBB51}
		{5F6FC9E6-C713-471B-99E8-AACC3994C583} = {F7C07F6C-C2ED-4E06-9025-AD33B4BBBB51}
		{7373234F-7D82-49D3-BBCB-B8CFD84F6389} = {F7C07F6C-C2ED-4E06-9025-AD33B4BBBB51}
		{A4CC6A27-4EDE-4383-9956-B41A622D34D3} = {F7C07F6C-C2ED-4E06-9025-AD33B4BBBB51}
		{53684635-F86C-4635-ABFA-B889CAF9308B} = {F7C07F6C-C2ED-4E06-9025-AD33B4BBBB51}
		{EF2E0912-0619-4094-AD09-6752AABE5B0A} = {F7C07F6C-C2ED-4E06-9025-AD33B4BBBB51}
		{3BABDF7F-9D58-4AA2-A496-00463F1FA131} = {F7C07F6C-C2ED-4E06-9025-AD33B4BBBB51}
		{E605AF2D-B556-4108-BD6E-3BD93046D4A0} = {F7C07F6C-C2ED-4E06-9025-AD33B4BBBB51}
		{C4D5578B-E1E7-4B82-8790-FC6ABAE8AA92} = {CBDAA96C-4A53-4A24-A4CC-EE8EB0DE5433}
		{D9331861-8FC5-4C06-8EE2-7364404B5A01} = {B0FEB464-4C8F-47CA-AE59-2DE61B7F4707}
		{AFDFD30E-38E6-4679-AD39-50628F9C5DF3} = {B0FEB464-4C8F-47CA-AE59-2DE61B7F4707}
		{2468767E-E3D2-44E7-BC95-F2C2B4FB10AF} = {AFDFD30E-38E6-4679-AD39-50628F9C5DF3}
		{B1D77757-B378-427C-970B-5D31C8DF289F} = {B0FEB464-4C8F-47CA-AE59-2DE61B7F4707}
		{69EF1320-1DAD-466F-8572-ED14EF93227F} = {B1D77757-B378-427C-970B-5D31C8DF289F}
		{7FE7F545-A67A-43AD-B78B-DAE81C56A872} = {B1D77757-B378-427C-970B-5D31C8DF289F}
		{CBA9DF4D-833C-491A-AF56-7F6C417054C6} = {B1D77757-B378-427C-970B-5D31C8DF289F}
		{143C5DA0-3F23-4195-BE61-466506491A03} = {B1D77757-B378-427C-970B-5D31C8DF289F}
		{6E87277D-AF2D-4050-A7EA-D7D4FC67105D} = {B1D77757-B378-427C-970B-5D31C8DF289F}
		{EC27E747-F45C-44DE-B8C2-CBD5DC048358} = {B1D77757-B378-427C-970B-5D31C8DF289F}
		{BADD0A00-633B-448B-918B-FC8BF854AF35} = {B0FEB464-4C8F-47CA-AE59-2DE61B7F4707}
		{1274DA84-7CA0-46FE-93F9-94953B756976} = {BADD0A00-633B-448B-918B-FC8BF854AF35}
		{FD12479D-F6E6-44A4-BD4E-A11AE2C7E521} = {1274DA84-7CA0-46FE-93F9-94953B756976}
		{09FD213A-67D1-4403-A6D7-7C6EEFFD81F9} = {1274DA84-7CA0-46FE-93F9-94953B756976}
		{EE264AC6-73ED-4FD7-B134-DAB7E5CC2D75} = {1274DA84-7CA0-46FE-93F9-94953B756976}
		{C4A6606B-1991-447F-91D9-D1D430FF68DE} = {B0FEB464-4C8F-47CA-AE59-2DE61B7F4707}
		{DAA8339F-838B-41CB-9242-9BB4152C5771} = {C4A6606B-1991-447F-91D9-D1D430FF68DE}
		{BF923DDB-1FD2-42F1-8E1C-DA8D2765094C} = {C4A6606B-1991-447F-91D9-D1D430FF68DE}
	EndGlobalSection
EndGlobal
